
Microsoft Visual Studio Solution File, Format Version 12.00
# Visual Studio Version 16
VisualStudioVersion = 16.0.30621.155
MinimumVisualStudioVersion = 10.0.40219.1
Project("{FAE04EC0-301F-11D3-BF4B-00C04F79EFBC}") = "L1.1_Greetings", "L1.1_Greetings\L1.1_Greetings.csproj", "{7A6AE4FB-F993-4BC5-875A-B1BF75D3B00F}"
EndProject
Project("{FAE04EC0-301F-11D3-BF4B-00C04F79EFBC}") = "L1.4_Divider", "L1.4_Divider\L1.4_Divider.csproj", "{58EBFA21-51FD-4182-A471-5CD19D4442B2}"
EndProject
Project("{FAE04EC0-301F-11D3-BF4B-00C04F79EFBC}") = "L2.1_BankAccount", "L2.1_BankAccount\L2.1_BankAccount.csproj", "{73CFB294-B968-4718-8D8A-46B240F50F20}"
EndProject
Project("{FAE04EC0-301F-11D3-BF4B-00C04F79EFBC}") = "L2.2_StructType", "L2.2_StructType\L2.2_StructType.csproj", "{52922250-83B0-4A7F-9BE0-D2A5B0E1EB3F}"
EndProject
Project("{FAE04EC0-301F-11D3-BF4B-00C04F79EFBC}") = "L5.1_FileDetails", "L5.1_FileDetails\L5.1_FileDetails.csproj", "{0872925F-83C6-4452-9531-6397FC447714}"
EndProject
Global
	GlobalSection(SolutionConfigurationPlatforms) = preSolution
		Debug|Any CPU = Debug|Any CPU
		Release|Any CPU = Release|Any CPU
	EndGlobalSection
	GlobalSection(ProjectConfigurationPlatforms) = postSolution
		{7A6AE4FB-F993-4BC5-875A-B1BF75D3B00F}.Debug|Any CPU.ActiveCfg = Debug|Any CPU
		{7A6AE4FB-F993-4BC5-875A-B1BF75D3B00F}.Debug|Any CPU.Build.0 = Debug|Any CPU
		{7A6AE4FB-F993-4BC5-875A-B1BF75D3B00F}.Release|Any CPU.ActiveCfg = Release|Any CPU
		{7A6AE4FB-F993-4BC5-875A-B1BF75D3B00F}.Release|Any CPU.Build.0 = Release|Any CPU
		{58EBFA21-51FD-4182-A471-5CD19D4442B2}.Debug|Any CPU.ActiveCfg = Debug|Any CPU
		{58EBFA21-51FD-4182-A471-5CD19D4442B2}.Debug|Any CPU.Build.0 = Debug|Any CPU
		{58EBFA21-51FD-4182-A471-5CD19D4442B2}.Release|Any CPU.ActiveCfg = Release|Any CPU
		{58EBFA21-51FD-4182-A471-5CD19D4442B2}.Release|Any CPU.Build.0 = Release|Any CPU
		{73CFB294-B968-4718-8D8A-46B240F50F20}.Debug|Any CPU.ActiveCfg = Debug|Any CPU
		{73CFB294-B968-4718-8D8A-46B240F50F20}.Debug|Any CPU.Build.0 = Debug|Any CPU
		{73CFB294-B968-4718-8D8A-46B240F50F20}.Release|Any CPU.ActiveCfg = Release|Any CPU
		{73CFB294-B968-4718-8D8A-46B240F50F20}.Release|Any CPU.Build.0 = Release|Any CPU
		{52922250-83B0-4A7F-9BE0-D2A5B0E1EB3F}.Debug|Any CPU.ActiveCfg = Debug|Any CPU
		{52922250-83B0-4A7F-9BE0-D2A5B0E1EB3F}.Debug|Any CPU.Build.0 = Debug|Any CPU
		{52922250-83B0-4A7F-9BE0-D2A5B0E1EB3F}.Release|Any CPU.ActiveCfg = Release|Any CPU
		{52922250-83B0-4A7F-9BE0-D2A5B0E1EB3F}.Release|Any CPU.Build.0 = Release|Any CPU
		{0872925F-83C6-4452-9531-6397FC447714}.Debug|Any CPU.ActiveCfg = Debug|Any CPU
		{0872925F-83C6-4452-9531-6397FC447714}.Debug|Any CPU.Build.0 = Debug|Any CPU
		{0872925F-83C6-4452-9531-6397FC447714}.Release|Any CPU.ActiveCfg = Release|Any CPU
		{0872925F-83C6-4452-9531-6397FC447714}.Release|Any CPU.Build.0 = Release|Any CPU
	EndGlobalSection
	GlobalSection(SolutionProperties) = preSolution
		HideSolutionNode = FALSE
	EndGlobalSection
	GlobalSection(ExtensibilityGlobals) = postSolution
		SolutionGuid = {F5258541-1B5D-4592-9EAB-9B17A68BEEA1}
	EndGlobalSection
EndGlobal
